// !$*UTF8*$!
{
	archiveVersion = 1;
	classes = {
	};
	objectVersion = 46;
	objects = {

/* Begin PBXBuildFile section */
		4407BC4819FAB97700FA702C /* AppDelegate.swift in Sources */ = {isa = PBXBuildFile; fileRef = 4407BC4719FAB97700FA702C /* AppDelegate.swift */; };
		4407BC4A19FAB97700FA702C /* ViewController.swift in Sources */ = {isa = PBXBuildFile; fileRef = 4407BC4919FAB97700FA702C /* ViewController.swift */; };
		4407BC4D19FAB97700FA702C /* Main.storyboard in Resources */ = {isa = PBXBuildFile; fileRef = 4407BC4B19FAB97700FA702C /* Main.storyboard */; };
		4407BC4F19FAB97700FA702C /* Images.xcassets in Resources */ = {isa = PBXBuildFile; fileRef = 4407BC4E19FAB97700FA702C /* Images.xcassets */; };
		4407BC5219FAB97700FA702C /* LaunchScreen.xib in Resources */ = {isa = PBXBuildFile; fileRef = 4407BC5019FAB97700FA702C /* LaunchScreen.xib */; };
		4407BC5E19FAB97700FA702C /* PostacardTests.swift in Sources */ = {isa = PBXBuildFile; fileRef = 4407BC5D19FAB97700FA702C /* PostacardTests.swift */; };
		4407BC6819FADCC800FA702C /* SagradaFamilia.jpeg in Resources */ = {isa = PBXBuildFile; fileRef = 4407BC6719FADCC800FA702C /* SagradaFamilia.jpeg */; };
		4407BC6A19FADF7300FA702C /* AlbertEinsteinStamp.jpg in Resources */ = {isa = PBXBuildFile; fileRef = 4407BC6919FADF7300FA702C /* AlbertEinsteinStamp.jpg */; };
/* End PBXBuildFile section */

/* Begin PBXContainerItemProxy section */
		4407BC5819FAB97700FA702C /* PBXContainerItemProxy */ = {
			isa = PBXContainerItemProxy;
			containerPortal = 4407BC3A19FAB97700FA702C /* Project object */;
			proxyType = 1;
			remoteGlobalIDString = 4407BC4119FAB97700FA702C;
			remoteInfo = Postacard;
		};
/* End PBXContainerItemProxy section */

/* Begin PBXFileReference section */
		4407BC4219FAB97700FA702C /* Postacard.app */ = {isa = PBXFileReference; explicitFileType = wrapper.application; includeInIndex = 0; path = Postacard.app; sourceTree = BUILT_PRODUCTS_DIR; };
		4407BC4619FAB97700FA702C /* Info.plist */ = {isa = PBXFileReference; lastKnownFileType = text.plist.xml; path = Info.plist; sourceTree = "<group>"; };
		4407BC4719FAB97700FA702C /* AppDelegate.swift */ = {isa = PBXFileReference; lastKnownFileType = sourcecode.swift; path = AppDelegate.swift; sourceTree = "<group>"; };
		4407BC4919FAB97700FA702C /* ViewController.swift */ = {isa = PBXFileReference; lastKnownFileType = sourcecode.swift; path = ViewController.swift; sourceTree = "<group>"; };
		4407BC4C19FAB97700FA702C /* Base */ = {isa = PBXFileReference; lastKnownFileType = file.storyboard; name = Base; path = Base.lproj/Main.storyboard; sourceTree = "<group>"; };
		4407BC4E19FAB97700FA702C /* Images.xcassets */ = {isa = PBXFileReference; lastKnownFileType = folder.assetcatalog; path = Images.xcassets; sourceTree = "<group>"; };
		4407BC5119FAB97700FA702C /* Base */ = {isa = PBXFileReference; lastKnownFileType = file.xib; name = Base; path = Base.lproj/LaunchScreen.xib; sourceTree = "<group>"; };
		4407BC5719FAB97700FA702C /* PostacardTests.xctest */ = {isa = PBXFileReference; explicitFileType = wrapper.cfbundle; includeInIndex = 0; path = PostacardTests.xctest; sourceTree = BUILT_PRODUCTS_DIR; };
		4407BC5C19FAB97700FA702C /* Info.plist */ = {isa = PBXFileReference; lastKnownFileType = text.plist.xml; path = Info.plist; sourceTree = "<group>"; };
		4407BC5D19FAB97700FA702C /* PostacardTests.swift */ = {isa = PBXFileReference; lastKnownFileType = sourcecode.swift; path = PostacardTests.swift; sourceTree = "<group>"; };
		4407BC6719FADCC800FA702C /* SagradaFamilia.jpeg */ = {isa = PBXFileReference; lastKnownFileType = image.jpeg; path = SagradaFamilia.jpeg; sourceTree = "<group>"; };
		4407BC6919FADF7300FA702C /* AlbertEinsteinStamp.jpg */ = {isa = PBXFileReference; lastKnownFileType = image.jpeg; path = AlbertEinsteinStamp.jpg; sourceTree = "<group>"; };
/* End PBXFileReference section */

/* Begin PBXFrameworksBuildPhase section */
		4407BC3F19FAB97700FA702C /* Frameworks */ = {
			isa = PBXFrameworksBuildPhase;
			buildActionMask = 2147483647;
			files = (
			);
			runOnlyForDeploymentPostprocessing = 0;
		};
		4407BC5419FAB97700FA702C /* Frameworks */ = {
			isa = PBXFrameworksBuildPhase;
			buildActionMask = 2147483647;
			files = (
			);
			runOnlyForDeploymentPostprocessing = 0;
		};
/* End PBXFrameworksBuildPhase section */

/* Begin PBXGroup section */
		4407BC3919FAB97700FA702C = {
			isa = PBXGroup;
			children = (
				4407BC4419FAB97700FA702C /* Postacard */,
				4407BC5A19FAB97700FA702C /* PostacardTests */,
				4407BC4319FAB97700FA702C /* Products */,
			);
			sourceTree = "<group>";
		};
		4407BC4319FAB97700FA702C /* Products */ = {
			isa = PBXGroup;
			children = (
				4407BC4219FAB97700FA702C /* Postacard.app */,
				4407BC5719FAB97700FA702C /* PostacardTests.xctest */,
			);
			name = Products;
			sourceTree = "<group>";
		};
		4407BC4419FAB97700FA702C /* Postacard */ = {
			isa = PBXGroup;
			children = (
				4407BC4719FAB97700FA702C /* AppDelegate.swift */,
				4407BC4919FAB97700FA702C /* ViewController.swift */,
				4407BC4B19FAB97700FA702C /* Main.storyboard */,
				4407BC4E19FAB97700FA702C /* Images.xcassets */,
				4407BC5019FAB97700FA702C /* LaunchScreen.xib */,
				4407BC4519FAB97700FA702C /* Supporting Files */,
			);
			path = Postacard;
			sourceTree = "<group>";
		};
		4407BC4519FAB97700FA702C /* Supporting Files */ = {
			isa = PBXGroup;
			children = (
				4407BC6919FADF7300FA702C /* AlbertEinsteinStamp.jpg */,
				4407BC6719FADCC800FA702C /* SagradaFamilia.jpeg */,
				4407BC4619FAB97700FA702C /* Info.plist */,
			);
			name = "Supporting Files";
			sourceTree = "<group>";
		};
		4407BC5A19FAB97700FA702C /* PostacardTests */ = {
			isa = PBXGroup;
			children = (
				4407BC5D19FAB97700FA702C /* PostacardTests.swift */,
				4407BC5B19FAB97700FA702C /* Supporting Files */,
			);
			path = PostacardTests;
			sourceTree = "<group>";
		};
		4407BC5B19FAB97700FA702C /* Supporting Files */ = {
			isa = PBXGroup;
			children = (
				4407BC5C19FAB97700FA702C /* Info.plist */,
			);
			name = "Supporting Files";
			sourceTree = "<group>";
		};
/* End PBXGroup section */

/* Begin PBXNativeTarget section */
		4407BC4119FAB97700FA702C /* Postacard */ = {
			isa = PBXNativeTarget;
			buildConfigurationList = 4407BC6119FAB97700FA702C /* Build configuration list for PBXNativeTarget "Postacard" */;
			buildPhases = (
				4407BC3E19FAB97700FA702C /* Sources */,
				4407BC3F19FAB97700FA702C /* Frameworks */,
				4407BC4019FAB97700FA702C /* Resources */,
			);
			buildRules = (
			);
			dependencies = (
			);
			name = Postacard;
			productName = Postacard;
			productReference = 4407BC4219FAB97700FA702C /* Postacard.app */;
			productType = "com.apple.product-type.application";
		};
		4407BC5619FAB97700FA702C /* PostacardTests */ = {
			isa = PBXNativeTarget;
			buildConfigurationList = 4407BC6419FAB97700FA702C /* Build configuration list for PBXNativeTarget "PostacardTests" */;
			buildPhases = (
				4407BC5319FAB97700FA702C /* Sources */,
				4407BC5419FAB97700FA702C /* Frameworks */,
				4407BC5519FAB97700FA702C /* Resources */,
			);
			buildRules = (
			);
			dependencies = (
				4407BC5919FAB97700FA702C /* PBXTargetDependency */,
			);
			name = PostacardTests;
			productName = PostacardTests;
			productReference = 4407BC5719FAB97700FA702C /* PostacardTests.xctest */;
			productType = "com.apple.product-type.bundle.unit-test";
		};
/* End PBXNativeTarget section */

/* Begin PBXProject section */
		4407BC3A19FAB97700FA702C /* Project object */ = {
			isa = PBXProject;
			attributes = {
				LastUpgradeCheck = 0610;
				ORGANIZATIONNAME = "Delphinium Systems Inc";
				TargetAttributes = {
					4407BC4119FAB97700FA702C = {
						CreatedOnToolsVersion = 6.1;
					};
					4407BC5619FAB97700FA702C = {
						CreatedOnToolsVersion = 6.1;
						TestTargetID = 4407BC4119FAB97700FA702C;
					};
				};
			};
			buildConfigurationList = 4407BC3D19FAB97700FA702C /* Build configuration list for PBXProject "Postacard" */;
			compatibilityVersion = "Xcode 3.2";
			developmentRegion = English;
			hasScannedForEncodings = 0;
			knownRegions = (
				en,
				Base,
			);
			mainGroup = 4407BC3919FAB97700FA702C;
			productRefGroup = 4407BC4319FAB97700FA702C /* Products */;
			projectDirPath = "";
			projectRoot = "";
			targets = (
				4407BC4119FAB97700FA702C /* Postacard */,
				4407BC5619FAB97700FA702C /* PostacardTests */,
			);
		};
/* End PBXProject section */

/* Begin PBXResourcesBuildPhase section */
		4407BC4019FAB97700FA702C /* Resources */ = {
			isa = PBXResourcesBuildPhase;
			buildActionMask = 2147483647;
			files = (
				4407BC4D19FAB97700FA702C /* Main.storyboard in Resources */,
				4407BC6819FADCC800FA702C /* SagradaFamilia.jpeg in Resources */,
				4407BC6A19FADF7300FA702C /* AlbertEinsteinStamp.jpg in Resources */,
				4407BC5219FAB97700FA702C /* LaunchScreen.xib in Resources */,
				4407BC4F19FAB97700FA702C /* Images.xcassets in Resources */,
			);
			runOnlyForDeploymentPostprocessing = 0;
		};
		4407BC5519FAB97700FA702C /* Resources */ = {
			isa = PBXResourcesBuildPhase;
			buildActionMask = 2147483647;
			files = (
			);
			runOnlyForDeploymentPostprocessing = 0;
		};
/* End PBXResourcesBuildPhase section */

/* Begin PBXSourcesBuildPhase section */
		4407BC3E19FAB97700FA702C /* Sources */ = {
			isa = PBXSourcesBuildPhase;
			buildActionMask = 2147483647;
			files = (
				4407BC4A19FAB97700FA702C /* ViewController.swift in Sources */,
				4407BC4819FAB97700FA702C /* AppDelegate.swift in Sources */,
			);
			runOnlyForDeploymentPostprocessing = 0;
		};
		4407BC5319FAB97700FA702C /* Sources */ = {
			isa = PBXSourcesBuildPhase;
			buildActionMask = 2147483647;
			files = (
				4407BC5E19FAB97700FA702C /* PostacardTests.swift in Sources */,
			);
			runOnlyForDeploymentPostprocessing = 0;
		};
/* End PBXSourcesBuildPhase section */

/* Begin PBXTargetDependency section */
		4407BC5919FAB97700FA702C /* PBXTargetDependency */ = {
			isa = PBXTargetDependency;
			target = 4407BC4119FAB97700FA702C /* Postacard */;
			targetProxy = 4407BC5819FAB97700FA702C /* PBXContainerItemProxy */;
		};
/* End PBXTargetDependency section */

/* Begin PBXVariantGroup section */
		4407BC4B19FAB97700FA702C /* Main.storyboard */ = {
			isa = PBXVariantGroup;
			children = (
				4407BC4C19FAB97700FA702C /* Base */,
			);
			name = Main.storyboard;
			sourceTree = "<group>";
		};
		4407BC5019FAB97700FA702C /* LaunchScreen.xib */ = {
			isa = PBXVariantGroup;
			children = (
				4407BC5119FAB97700FA702C /* Base */,
			);
			name = LaunchScreen.xib;
			sourceTree = "<group>";
		};
/* End PBXVariantGroup section */

/* Begin XCBuildConfiguration section */
		4407BC5F19FAB97700FA702C /* Debug */ = {
			isa = XCBuildConfiguration;
			buildSettings = {
				ALWAYS_SEARCH_USER_PATHS = NO;
				CLANG_CXX_LANGUAGE_STANDARD = "gnu++0x";
				CLANG_CXX_LIBRARY = "libc++";
				CLANG_ENABLE_MODULES = YES;
				CLANG_ENABLE_OBJC_ARC = YES;
				CLANG_WARN_BOOL_CONVERSION = YES;
				CLANG_WARN_CONSTANT_CONVERSION = YES;
				CLANG_WARN_DIRECT_OBJC_ISA_USAGE = YES_ERROR;
				CLANG_WARN_EMPTY_BODY = YES;
				CLANG_WARN_ENUM_CONVERSION = YES;
				CLANG_WARN_INT_CONVERSION = YES;
				CLANG_WARN_OBJC_ROOT_CLASS = YES_ERROR;
				CLANG_WARN_UNREACHABLE_CODE = YES;
				CLANG_WARN__DUPLICATE_METHOD_MATCH = YES;
				"CODE_SIGN_IDENTITY[sdk=iphoneos*]" = "iPhone Developer";
				COPY_PHASE_STRIP = NO;
				ENABLE_STRICT_OBJC_MSGSEND = YES;
				GCC_C_LANGUAGE_STANDARD = gnu99;
				GCC_DYNAMIC_NO_PIC = NO;
				GCC_OPTIMIZATION_LEVEL = 0;
				GCC_PREPROCESSOR_DEFINITIONS = (
					"DEBUG=1",
					"$(inherited)",
				);
				GCC_SYMBOLS_PRIVATE_EXTERN = NO;
				GCC_WARN_64_TO_32_BIT_CONVERSION = YES;
				GCC_WARN_ABOUT_RETURN_TYPE = YES_ERROR;
				GCC_WARN_UNDECLARED_SELECTOR = YES;
				GCC_WARN_UNINITIALIZED_AUTOS = YES_AGGRESSIVE;
				GCC_WARN_UNUSED_FUNCTION = YES;
				GCC_WARN_UNUSED_VARIABLE = YES;
				IPHONEOS_DEPLOYMENT_TARGET = 8.3;
				MTL_ENABLE_DEBUG_INFO = YES;
				ONLY_ACTIVE_ARCH = YES;
				SDKROOT = iphoneos;
				SWIFT_OPTIMIZATION_LEVEL = "-Onone";
				TARGETED_DEVICE_FAMILY = "1,2";
			};
			name = Debug;
		};
		4407BC6019FAB97700FA702C /* Release */ = {
			isa = XCBuildConfiguration;
			buildSettings = {
				ALWAYS_SEARCH_USER_PATHS = NO;
				CLANG_CXX_LANGUAGE_STANDARD = "gnu++0x";
				CLANG_CXX_LIBRARY = "libc++";
				CLANG_ENABLE_MODULES = YES;
				CLANG_ENABLE_OBJC_ARC = YES;
				CLANG_WARN_BOOL_CONVERSION = YES;
				CLANG_WARN_CONSTANT_CONVERSION = YES;
				CLANG_WARN_DIRECT_OBJC_ISA_USAGE = YES_ERROR;
				CLANG_WARN_EMPTY_BODY = YES;
				CLANG_WARN_ENUM_CONVERSION = YES;
				CLANG_WARN_INT_CONVERSION = YES;
				CLANG_WARN_OBJC_ROOT_CLASS = YES_ERROR;
				CLANG_WARN_UNREACHABLE_CODE = YES;
				CLANG_WARN__DUPLICATE_METHOD_MATCH = YES;
				"CODE_SIGN_IDENTITY[sdk=iphoneos*]" = "iPhone Developer";
				COPY_PHASE_STRIP = YES;
				ENABLE_NS_ASSERTIONS = NO;
				ENABLE_STRICT_OBJC_MSGSEND = YES;
				GCC_C_LANGUAGE_STANDARD = gnu99;
				GCC_WARN_64_TO_32_BIT_CONVERSION = YES;
				GCC_WARN_ABOUT_RETURN_TYPE = YES_ERROR;
				GCC_WARN_UNDECLARED_SELECTOR = YES;
				GCC_WARN_UNINITIALIZED_AUTOS = YES_AGGRESSIVE;
				GCC_WARN_UNUSED_FUNCTION = YES;
				GCC_WARN_UNUSED_VARIABLE = YES;
				IPHONEOS_DEPLOYMENT_TARGET = 8.3;
				MTL_ENABLE_DEBUG_INFO = NO;
				SDKROOT = iphoneos;
				TARGETED_DEVICE_FAMILY = "1,2";
				VALIDATE_PRODUCT = YES;
			};
			name = Release;
		};
		4407BC6219FAB97700FA702C /* Debug */ = {
			isa = XCBuildConfiguration;
			buildSettings = {
				ASSETCATALOG_COMPILER_APPICON_NAME = AppIcon;
				INFOPLIST_FILE = Postacard/Info.plist;
				LD_RUNPATH_SEARCH_PATHS = "$(inherited) @executable_path/Frameworks";
				PRODUCT_NAME = "$(TARGET_NAME)";
			};
			name = Debug;
		};
		4407BC6319FAB97700FA702C /* Release */ = {
			isa = XCBuildConfiguration;
			buildSettings = {
				ASSETCATALOG_COMPILER_APPICON_NAME = AppIcon;
				INFOPLIST_FILE = Postacard/Info.plist;
				LD_RUNPATH_SEARCH_PATHS = "$(inherited) @executable_path/Frameworks";
				PRODUCT_NAME = "$(TARGET_NAME)";
			};
			name = Release;
		};
		4407BC6519FAB97700FA702C /* Debug */ = {
			isa = XCBuildConfiguration;
			buildSettings = {
				BUNDLE_LOADER = "$(TEST_HOST)";
				FRAMEWORK_SEARCH_PATHS = (
					"$(SDKROOT)/Developer/Library/Frameworks",
					"$(inherited)",
				);
				GCC_PREPROCESSOR_DEFINITIONS = (
					"DEBUG=1",
					"$(inherited)",
				);
				INFOPLIST_FILE = PostacardTests/Info.plist;
				LD_RUNPATH_SEARCH_PATHS = "$(inherited) @executable_path/Frameworks @loader_path/Frameworks";
				PRODUCT_NAME = "$(TARGET_NAME)";
				TEST_HOST = "$(BUILT_PRODUCTS_DIR)/Postacard.app/Postacard";
			};
			name = Debug;
		};
		4407BC6619FAB97700FA702C /* Release */ = {
			isa = XCBuildConfiguration;
			buildSettings = {
				BUNDLE_LOADER = "$(TEST_HOST)";
				FRAMEWORK_SEARCH_PATHS = (
					"$(SDKROOT)/Developer/Library/Frameworks",
					"$(inherited)",
				);
				INFOPLIST_FILE = PostacardTests/Info.plist;
				LD_RUNPATH_SEARCH_PATHS = "$(inherited) @executable_path/Frameworks @loader_path/Frameworks";
				PRODUCT_NAME = "$(TARGET_NAME)";
				TEST_HOST = "$(BUILT_PRODUCTS_DIR)/Postacard.app/Postacard";
			};
			name = Release;
		};
/* End XCBuildConfiguration section */

/* Begin XCConfigurationList section */
		4407BC3D19FAB97700FA702C /* Build configuration list for PBXProject "Postacard" */ = {
			isa = XCConfigurationList;
			buildConfigurations = (
				4407BC5F19FAB97700FA702C /* Debug */,
				4407BC6019FAB97700FA702C /* Release */,
			);
			defaultConfigurationIsVisible = 0;
			defaultConfigurationName = Release;
		};
		4407BC6119FAB97700FA702C /* Build configuration list for PBXNativeTarget "Postacard" */ = {
			isa = XCConfigurationList;
			buildConfigurations = (
				4407BC6219FAB97700FA702C /* Debug */,
				4407BC6319FAB97700FA702C /* Release */,
			);
			defaultConfigurationIsVisible = 0;
			defaultConfigurationName = Release;
		};
		4407BC6419FAB97700FA702C /* Build configuration list for PBXNativeTarget "PostacardTests" */ = {
			isa = XCConfigurationList;
			buildConfigurations = (
				4407BC6519FAB97700FA702C /* Debug */,
				4407BC6619FAB97700FA702C /* Release */,
			);
			defaultConfigurationIsVisible = 0;
			defaultConfigurationName = Release;
		};
/* End XCConfigurationList section */
	};
	rootObject = 4407BC3A19FAB97700FA702C /* Project object */;
}
